
Microsoft Visual Studio Solution File, Format Version 12.00
# Visual Studio Version 17
VisualStudioVersion = 17.14.35906.104 d17.14
MinimumVisualStudioVersion = 10.0.40219.1
Project("{FAE04EC0-301F-11D3-BF4B-00C04F79EFBC}") = "AkkaNeo MiniProject", "Akka-Neo MiniProject\AkkaNeo MiniProject.csproj", "{745E84D7-43F9-4C58-A2E6-F166AB1A9AE9}"
EndProject
Project("{FAE04EC0-301F-11D3-BF4B-00C04F79EFBC}") = "GraphServer", "Backend\GraphServer.csproj", "{3EDFAD72-76E2-4878-8F6F-618EE2B97405}"
EndProject
Global
	GlobalSection(SolutionConfigurationPlatforms) = preSolution
		Debug|Any CPU = Debug|Any CPU
		Release|Any CPU = Release|Any CPU
	EndGlobalSection
	GlobalSection(ProjectConfigurationPlatforms) = postSolution
		{745E84D7-43F9-4C58-A2E6-F166AB1A9AE9}.Debug|Any CPU.ActiveCfg = Debug|Any CPU
		{745E84D7-43F9-4C58-A2E6-F166AB1A9AE9}.Debug|Any CPU.Build.0 = Debug|Any CPU
		{745E84D7-43F9-4C58-A2E6-F166AB1A9AE9}.Release|Any CPU.ActiveCfg = Release|Any CPU
		{745E84D7-43F9-4C58-A2E6-F166AB1A9AE9}.Release|Any CPU.Build.0 = Release|Any CPU
		{3EDFAD72-76E2-4878-8F6F-618EE2B97405}.Debug|Any CPU.ActiveCfg = Debug|Any CPU
		{3EDFAD72-76E2-4878-8F6F-618EE2B97405}.Debug|Any CPU.Build.0 = Debug|Any CPU
		{3EDFAD72-76E2-4878-8F6F-618EE2B97405}.Release|Any CPU.ActiveCfg = Release|Any CPU
		{3EDFAD72-76E2-4878-8F6F-618EE2B97405}.Release|Any CPU.Build.0 = Release|Any CPU
	EndGlobalSection
	GlobalSection(SolutionProperties) = preSolution
		HideSolutionNode = FALSE
	EndGlobalSection
	GlobalSection(ExtensibilityGlobals) = postSolution
		SolutionGuid = {39B6F510-1480-43B2-B15E-383B13E528AD}
	EndGlobalSection
EndGlobal
